Microsoft Visual Studio Solution File, Format Version 12.00
# Visual Studio Version 17
VisualStudioVersion = 17.5.2.0
MinimumVisualStudioVersion = 10.0.40219.1
Project("{FAE04EC0-301F-11D3-BF4B-00C04F79EFBC}") = "KeyStone", "KeyStone.csproj", "{06D3B0F2-B55C-FA59-C315-E1C5A5DDB5A0}"
EndProject
Global
	GlobalSection(SolutionConfigurationPlatforms) = preSolution
		Debug|Any CPU = Debug|Any CPU
		Release|Any CPU = Release|Any CPU
	EndGlobalSection
	GlobalSection(ProjectConfigurationPlatforms) = postSolution
		{06D3B0F2-B55C-FA59-C315-E1C5A5DDB5A0}.Debug|Any CPU.ActiveCfg = Debug|Any CPU
		{06D3B0F2-B55C-FA59-C315-E1C5A5DDB5A0}.Debug|Any CPU.Build.0 = Debug|Any CPU
		{06D3B0F2-B55C-FA59-C315-E1C5A5DDB5A0}.Release|Any CPU.ActiveCfg = Release|Any CPU
		{06D3B0F2-B55C-FA59-C315-E1C5A5DDB5A0}.Release|Any CPU.Build.0 = Release|Any CPU
	EndGlobalSection
	GlobalSection(SolutionProperties) = preSolution
		HideSolutionNode = FALSE
	EndGlobalSection
	GlobalSection(ExtensibilityGlobals) = postSolution
		SolutionGuid = {1CDC7358-5898-43DA-B6B4-15E638F116C6}
	EndGlobalSection
EndGlobal
